
Microsoft Visual Studio Solution File, Format Version 12.00
# Visual Studio 15
VisualStudioVersion = 15.0.28010.2046
MinimumVisualStudioVersion = 10.0.40219.1
Project("{FAE04EC0-301F-11D3-BF4B-00C04F79EFBC}") = "robotic arm", "robotic arm\robotic arm.csproj", "{A7EC445D-F3D9-4D88-B677-EC37E0930E80}"
EndProject
Global
	GlobalSection(SolutionConfigurationPlatforms) = preSolution
		Debug|Any CPU = Debug|Any CPU
		Release|Any CPU = Release|Any CPU
	EndGlobalSection
	GlobalSection(ProjectConfigurationPlatforms) = postSolution
		{A7EC445D-F3D9-4D88-B677-EC37E0930E80}.Debug|Any CPU.ActiveCfg = Debug|Any CPU
		{A7EC445D-F3D9-4D88-B677-EC37E0930E80}.Debug|Any CPU.Build.0 = Debug|Any CPU
		{A7EC445D-F3D9-4D88-B677-EC37E0930E80}.Release|Any CPU.ActiveCfg = Release|Any CPU
		{A7EC445D-F3D9-4D88-B677-EC37E0930E80}.Release|Any CPU.Build.0 = Release|Any CPU
	EndGlobalSection
	GlobalSection(SolutionProperties) = preSolution
		HideSolutionNode = FALSE
	EndGlobalSection
	GlobalSection(ExtensibilityGlobals) = postSolution
		SolutionGuid = {171246EF-CFC4-4440-B1B8-67C9422E3FF9}
	EndGlobalSection
EndGlobal
